// !$*UTF8*$!
{
	archiveVersion = 1;
	classes = {
	};
	objectVersion = 46;
	objects = {

/* Begin PBXBuildFile section */
		4B7AB086862E7BE36857745A /* Pods_One_Night_Movie.framework in Frameworks */ = {isa = PBXBuildFile; fileRef = AD1B3EB1361FE23FC8B0796C /* Pods_One_Night_Movie.framework */; };
		F41F92481E51D77800B4B57E /* CollectionViewCell.swift in Sources */ = {isa = PBXBuildFile; fileRef = F41F92471E51D77800B4B57E /* CollectionViewCell.swift */; };
		F44806DF1E525E3B00328097 /* TestViewController.swift in Sources */ = {isa = PBXBuildFile; fileRef = F44806DE1E525E3B00328097 /* TestViewController.swift */; };
		F4941D871E40A4BD00C3B8B0 /* Movies.swift in Sources */ = {isa = PBXBuildFile; fileRef = F4941D861E40A4BD00C3B8B0 /* Movies.swift */; };
		F49FB6181E3290D8009A4170 /* lineto-circular-pro-bold.ttf in Resources */ = {isa = PBXBuildFile; fileRef = F49FB6131E3290D8009A4170 /* lineto-circular-pro-bold.ttf */; };
		F49FB6191E3290D8009A4170 /* lineto-circular-pro-book.ttf in Resources */ = {isa = PBXBuildFile; fileRef = F49FB6141E3290D8009A4170 /* lineto-circular-pro-book.ttf */; };
		F49FB61A1E3290D8009A4170 /* lineto-circular-pro-bookItalic.ttf in Resources */ = {isa = PBXBuildFile; fileRef = F49FB6151E3290D8009A4170 /* lineto-circular-pro-bookItalic.ttf */; };
		F49FB61B1E3290D8009A4170 /* lineto-circular-pro-medium.ttf in Resources */ = {isa = PBXBuildFile; fileRef = F49FB6161E3290D8009A4170 /* lineto-circular-pro-medium.ttf */; };
		F49FB61C1E3290D8009A4170 /* lineto-circular-pro-mediumItalic.ttf in Resources */ = {isa = PBXBuildFile; fileRef = F49FB6171E3290D8009A4170 /* lineto-circular-pro-mediumItalic.ttf */; };
		F4C589861E48F62800619A4F /* DetailMovieViewController.swift in Sources */ = {isa = PBXBuildFile; fileRef = F4C589851E48F62800619A4F /* DetailMovieViewController.swift */; };
		F4CE4C901E27B1B70017D7B5 /* AppDelegate.swift in Sources */ = {isa = PBXBuildFile; fileRef = F4CE4C8F1E27B1B70017D7B5 /* AppDelegate.swift */; };
		F4CE4C921E27B1B70017D7B5 /* ViewController.swift in Sources */ = {isa = PBXBuildFile; fileRef = F4CE4C911E27B1B70017D7B5 /* ViewController.swift */; };
		F4CE4C951E27B1B70017D7B5 /* Main.storyboard in Resources */ = {isa = PBXBuildFile; fileRef = F4CE4C931E27B1B70017D7B5 /* Main.storyboard */; };
		F4CE4C971E27B1B70017D7B5 /* Assets.xcassets in Resources */ = {isa = PBXBuildFile; fileRef = F4CE4C961E27B1B70017D7B5 /* Assets.xcassets */; };
		F4CE4C9A1E27B1B70017D7B5 /* LaunchScreen.storyboard in Resources */ = {isa = PBXBuildFile; fileRef = F4CE4C981E27B1B70017D7B5 /* LaunchScreen.storyboard */; };
		F4D4AF001E3FB33100353FDB /* Genres.swift in Sources */ = {isa = PBXBuildFile; fileRef = F4D4AEFF1E3FB33100353FDB /* Genres.swift */; };
		F4DBDF421E55F5C00069E585 /* Personnes.swift in Sources */ = {isa = PBXBuildFile; fileRef = F4DBDF411E55F5C00069E585 /* Personnes.swift */; };
/* End PBXBuildFile section */

/* Begin PBXFileReference section */
		945C57F0AFB2030F8C700592 /* Pods-One Night Movie.release.xcconfig */ = {isa = PBXFileReference; includeInIndex = 1; lastKnownFileType = text.xcconfig; name = "Pods-One Night Movie.release.xcconfig"; path = "Pods/Target Support Files/Pods-One Night Movie/Pods-One Night Movie.release.xcconfig"; sourceTree = "<group>"; };
		AD1B3EB1361FE23FC8B0796C /* Pods_One_Night_Movie.framework */ = {isa = PBXFileReference; explicitFileType = wrapper.framework; includeInIndex = 0; path = Pods_One_Night_Movie.framework; sourceTree = BUILT_PRODUCTS_DIR; };
		EC5AD5F925CEAB29E575570A /* Pods-One Night Movie.debug.xcconfig */ = {isa = PBXFileReference; includeInIndex = 1; lastKnownFileType = text.xcconfig; name = "Pods-One Night Movie.debug.xcconfig"; path = "Pods/Target Support Files/Pods-One Night Movie/Pods-One Night Movie.debug.xcconfig"; sourceTree = "<group>"; };
		F41F92471E51D77800B4B57E /* CollectionViewCell.swift */ = {isa = PBXFileReference; fileEncoding = 4; lastKnownFileType = sourcecode.swift; path = CollectionViewCell.swift; sourceTree = "<group>"; };
		F44806DE1E525E3B00328097 /* TestViewController.swift */ = {isa = PBXFileReference; fileEncoding = 4; lastKnownFileType = sourcecode.swift; path = TestViewController.swift; sourceTree = "<group>"; };
		F4941D861E40A4BD00C3B8B0 /* Movies.swift */ = {isa = PBXFileReference; fileEncoding = 4; lastKnownFileType = sourcecode.swift; path = Movies.swift; sourceTree = "<group>"; };
		F49FB6131E3290D8009A4170 /* lineto-circular-pro-bold.ttf */ = {isa = PBXFileReference; lastKnownFileType = file; name = "lineto-circular-pro-bold.ttf"; path = "../../Desktop/lineto-circular-pro-bold.ttf"; sourceTree = "<group>"; };
		F49FB6141E3290D8009A4170 /* lineto-circular-pro-book.ttf */ = {isa = PBXFileReference; lastKnownFileType = file; name = "lineto-circular-pro-book.ttf"; path = "../../Desktop/lineto-circular-pro-book.ttf"; sourceTree = "<group>"; };
		F49FB6151E3290D8009A4170 /* lineto-circular-pro-bookItalic.ttf */ = {isa = PBXFileReference; lastKnownFileType = file; name = "lineto-circular-pro-bookItalic.ttf"; path = "../../Desktop/lineto-circular-pro-bookItalic.ttf"; sourceTree = "<group>"; };
		F49FB6161E3290D8009A4170 /* lineto-circular-pro-medium.ttf */ = {isa = PBXFileReference; lastKnownFileType = file; name = "lineto-circular-pro-medium.ttf"; path = "../../Desktop/lineto-circular-pro-medium.ttf"; sourceTree = "<group>"; };
		F49FB6171E3290D8009A4170 /* lineto-circular-pro-mediumItalic.ttf */ = {isa = PBXFileReference; lastKnownFileType = file; name = "lineto-circular-pro-mediumItalic.ttf"; path = "../../Desktop/lineto-circular-pro-mediumItalic.ttf"; sourceTree = "<group>"; };
		F4C589851E48F62800619A4F /* DetailMovieViewController.swift */ = {isa = PBXFileReference; fileEncoding = 4; lastKnownFileType = sourcecode.swift; path = DetailMovieViewController.swift; sourceTree = "<group>"; };
		F4CE4C8C1E27B1B70017D7B5 /* One Night Movie.app */ = {isa = PBXFileReference; explicitFileType = wrapper.application; includeInIndex = 0; path = "One Night Movie.app"; sourceTree = BUILT_PRODUCTS_DIR; };
		F4CE4C8F1E27B1B70017D7B5 /* AppDelegate.swift */ = {isa = PBXFileReference; lastKnownFileType = sourcecode.swift; path = AppDelegate.swift; sourceTree = "<group>"; };
		F4CE4C911E27B1B70017D7B5 /* ViewController.swift */ = {isa = PBXFileReference; lastKnownFileType = sourcecode.swift; path = ViewController.swift; sourceTree = "<group>"; };
		F4CE4C941E27B1B70017D7B5 /* Base */ = {isa = PBXFileReference; lastKnownFileType = file.storyboard; name = Base; path = Base.lproj/Main.storyboard; sourceTree = "<group>"; };
		F4CE4C961E27B1B70017D7B5 /* Assets.xcassets */ = {isa = PBXFileReference; lastKnownFileType = folder.assetcatalog; path = Assets.xcassets; sourceTree = "<group>"; };
		F4CE4C991E27B1B70017D7B5 /* Base */ = {isa = PBXFileReference; lastKnownFileType = file.storyboard; name = Base; path = Base.lproj/LaunchScreen.storyboard; sourceTree = "<group>"; };
		F4CE4C9B1E27B1B70017D7B5 /* Info.plist */ = {isa = PBXFileReference; lastKnownFileType = text.plist.xml; path = Info.plist; sourceTree = "<group>"; };
		F4D4AEFF1E3FB33100353FDB /* Genres.swift */ = {isa = PBXFileReference; fileEncoding = 4; lastKnownFileType = sourcecode.swift; path = Genres.swift; sourceTree = "<group>"; };
		F4DBDF411E55F5C00069E585 /* Personnes.swift */ = {isa = PBXFileReference; fileEncoding = 4; lastKnownFileType = sourcecode.swift; path = Personnes.swift; sourceTree = "<group>"; };
/* End PBXFileReference section */

/* Begin PBXFrameworksBuildPhase section */
		F4CE4C891E27B1B70017D7B5 /* Frameworks */ = {
			isa = PBXFrameworksBuildPhase;
			buildActionMask = 2147483647;
			files = (
				4B7AB086862E7BE36857745A /* Pods_One_Night_Movie.framework in Frameworks */,
			);
			runOnlyForDeploymentPostprocessing = 0;
		};
/* End PBXFrameworksBuildPhase section */

/* Begin PBXGroup section */
		5328A5491628D56369725D43 /* Frameworks */ = {
			isa = PBXGroup;
			children = (
				AD1B3EB1361FE23FC8B0796C /* Pods_One_Night_Movie.framework */,
			);
			name = Frameworks;
			sourceTree = "<group>";
		};
		94BE76E20433104038D15E26 /* Pods */ = {
			isa = PBXGroup;
			children = (
				EC5AD5F925CEAB29E575570A /* Pods-One Night Movie.debug.xcconfig */,
				945C57F0AFB2030F8C700592 /* Pods-One Night Movie.release.xcconfig */,
			);
			name = Pods;
			sourceTree = "<group>";
		};
		F49FB6121E32901C009A4170 /* Ressources */ = {
			isa = PBXGroup;
			children = (
				F49FB6131E3290D8009A4170 /* lineto-circular-pro-bold.ttf */,
				F49FB6141E3290D8009A4170 /* lineto-circular-pro-book.ttf */,
				F49FB6151E3290D8009A4170 /* lineto-circular-pro-bookItalic.ttf */,
				F49FB6161E3290D8009A4170 /* lineto-circular-pro-medium.ttf */,
				F49FB6171E3290D8009A4170 /* lineto-circular-pro-mediumItalic.ttf */,
			);
			name = Ressources;
			path = ..;
			sourceTree = "<group>";
		};
		F4CE4C831E27B1B70017D7B5 = {
			isa = PBXGroup;
			children = (
				F4CE4C8E1E27B1B70017D7B5 /* One Night Movie */,
				F4CE4C8D1E27B1B70017D7B5 /* Products */,
				94BE76E20433104038D15E26 /* Pods */,
				5328A5491628D56369725D43 /* Frameworks */,
			);
			sourceTree = "<group>";
		};
		F4CE4C8D1E27B1B70017D7B5 /* Products */ = {
			isa = PBXGroup;
			children = (
				F4CE4C8C1E27B1B70017D7B5 /* One Night Movie.app */,
			);
			name = Products;
			sourceTree = "<group>";
		};
		F4CE4C8E1E27B1B70017D7B5 /* One Night Movie */ = {
			isa = PBXGroup;
			children = (
				F49FB6121E32901C009A4170 /* Ressources */,
				F4CE4C8F1E27B1B70017D7B5 /* AppDelegate.swift */,
				F4CE4C911E27B1B70017D7B5 /* ViewController.swift */,
				F4C589851E48F62800619A4F /* DetailMovieViewController.swift */,
				F44806DE1E525E3B00328097 /* TestViewController.swift */,
				F4CE4C931E27B1B70017D7B5 /* Main.storyboard */,
				F4CE4C961E27B1B70017D7B5 /* Assets.xcassets */,
				F4CE4C981E27B1B70017D7B5 /* LaunchScreen.storyboard */,
				F4CE4C9B1E27B1B70017D7B5 /* Info.plist */,
				F4D4AEFF1E3FB33100353FDB /* Genres.swift */,
				F4941D861E40A4BD00C3B8B0 /* Movies.swift */,
				F41F92471E51D77800B4B57E /* CollectionViewCell.swift */,
				F4DBDF411E55F5C00069E585 /* Personnes.swift */,
			);
			path = "One Night Movie";
			sourceTree = "<group>";
		};
/* End PBXGroup section */

/* Begin PBXNativeTarget section */
		F4CE4C8B1E27B1B70017D7B5 /* One Night Movie */ = {
			isa = PBXNativeTarget;
			buildConfigurationList = F4CE4C9E1E27B1B70017D7B5 /* Build configuration list for PBXNativeTarget "One Night Movie" */;
			buildPhases = (
				5B30639DAC086D801D7FC811 /* [CP] Check Pods Manifest.lock */,
				F4CE4C881E27B1B70017D7B5 /* Sources */,
				F4CE4C891E27B1B70017D7B5 /* Frameworks */,
				F4CE4C8A1E27B1B70017D7B5 /* Resources */,
				C7C6B44B4868E72C1FE89387 /* [CP] Embed Pods Frameworks */,
				6876B933BC21497EC8FB7CEE /* [CP] Copy Pods Resources */,
			);
			buildRules = (
			);
			dependencies = (
			);
			name = "One Night Movie";
			productName = "One Night Movie";
			productReference = F4CE4C8C1E27B1B70017D7B5 /* One Night Movie.app */;
			productType = "com.apple.product-type.application";
		};
/* End PBXNativeTarget section */

/* Begin PBXProject section */
		F4CE4C841E27B1B70017D7B5 /* Project object */ = {
			isa = PBXProject;
			attributes = {
				LastSwiftUpdateCheck = 0820;
				LastUpgradeCheck = 0820;
				ORGANIZATIONNAME = "Simon Chrétien";
				TargetAttributes = {
					F4CE4C8B1E27B1B70017D7B5 = {
						CreatedOnToolsVersion = 8.2.1;
						DevelopmentTeam = H678JBA44N;
						ProvisioningStyle = Automatic;
					};
				};
			};
			buildConfigurationList = F4CE4C871E27B1B70017D7B5 /* Build configuration list for PBXProject "One Night Movie" */;
			compatibilityVersion = "Xcode 3.2";
			developmentRegion = English;
			hasScannedForEncodings = 0;
			knownRegions = (
				en,
				Base,
			);
			mainGroup = F4CE4C831E27B1B70017D7B5;
			productRefGroup = F4CE4C8D1E27B1B70017D7B5 /* Products */;
			projectDirPath = "";
			projectRoot = "";
			targets = (
				F4CE4C8B1E27B1B70017D7B5 /* One Night Movie */,
			);
		};
/* End PBXProject section */

/* Begin PBXResourcesBuildPhase section */
		F4CE4C8A1E27B1B70017D7B5 /* Resources */ = {
			isa = PBXResourcesBuildPhase;
			buildActionMask = 2147483647;
			files = (
				F49FB6191E3290D8009A4170 /* lineto-circular-pro-book.ttf in Resources */,
				F4CE4C9A1E27B1B70017D7B5 /* LaunchScreen.storyboard in Resources */,
				F49FB6181E3290D8009A4170 /* lineto-circular-pro-bold.ttf in Resources */,
				F49FB61A1E3290D8009A4170 /* lineto-circular-pro-bookItalic.ttf in Resources */,
				F4CE4C971E27B1B70017D7B5 /* Assets.xcassets in Resources */,
				F4CE4C951E27B1B70017D7B5 /* Main.storyboard in Resources */,
				F49FB61B1E3290D8009A4170 /* lineto-circular-pro-medium.ttf in Resources */,
				F49FB61C1E3290D8009A4170 /* lineto-circular-pro-mediumItalic.ttf in Resources */,
			);
			runOnlyForDeploymentPostprocessing = 0;
		};
/* End PBXResourcesBuildPhase section */

/* Begin PBXShellScriptBuildPhase section */
		5B30639DAC086D801D7FC811 /* [CP] Check Pods Manifest.lock */ = {
			isa = PBXShellScriptBuildPhase;
			buildActionMask = 2147483647;
			files = (
			);
			inputPaths = (
			);
			name = "[CP] Check Pods Manifest.lock";
			outputPaths = (
			);
			runOnlyForDeploymentPostprocessing = 0;
			shellPath = /bin/sh;
			shellScript = "diff \"${PODS_ROOT}/../Podfile.lock\" \"${PODS_ROOT}/Manifest.lock\" > /dev/null\nif [ $? != 0 ] ; then\n    # print error to STDERR\n    echo \"error: The sandbox is not in sync with the Podfile.lock. Run 'pod install' or update your CocoaPods installation.\" >&2\n    exit 1\nfi\n";
			showEnvVarsInLog = 0;
		};
		6876B933BC21497EC8FB7CEE /* [CP] Copy Pods Resources */ = {
			isa = PBXShellScriptBuildPhase;
			buildActionMask = 2147483647;
			files = (
			);
			inputPaths = (
			);
			name = "[CP] Copy Pods Resources";
			outputPaths = (
			);
			runOnlyForDeploymentPostprocessing = 0;
			shellPath = /bin/sh;
			shellScript = "\"${SRCROOT}/Pods/Target Support Files/Pods-One Night Movie/Pods-One Night Movie-resources.sh\"\n";
			showEnvVarsInLog = 0;
		};
		C7C6B44B4868E72C1FE89387 /* [CP] Embed Pods Frameworks */ = {
			isa = PBXShellScriptBuildPhase;
			buildActionMask = 2147483647;
			files = (
			);
			inputPaths = (
			);
			name = "[CP] Embed Pods Frameworks";
			outputPaths = (
			);
			runOnlyForDeploymentPostprocessing = 0;
			shellPath = /bin/sh;
			shellScript = "\"${SRCROOT}/Pods/Target Support Files/Pods-One Night Movie/Pods-One Night Movie-frameworks.sh\"\n";
			showEnvVarsInLog = 0;
		};
/* End PBXShellScriptBuildPhase section */

/* Begin PBXSourcesBuildPhase section */
		F4CE4C881E27B1B70017D7B5 /* Sources */ = {
			isa = PBXSourcesBuildPhase;
			buildActionMask = 2147483647;
			files = (
				F44806DF1E525E3B00328097 /* TestViewController.swift in Sources */,
				F4CE4C921E27B1B70017D7B5 /* ViewController.swift in Sources */,
				F4D4AF001E3FB33100353FDB /* Genres.swift in Sources */,
				F41F92481E51D77800B4B57E /* CollectionViewCell.swift in Sources */,
				F4C589861E48F62800619A4F /* DetailMovieViewController.swift in Sources */,
				F4941D871E40A4BD00C3B8B0 /* Movies.swift in Sources */,
				F4CE4C901E27B1B70017D7B5 /* AppDelegate.swift in Sources */,
				F4DBDF421E55F5C00069E585 /* Personnes.swift in Sources */,
			);
			runOnlyForDeploymentPostprocessing = 0;
		};
/* End PBXSourcesBuildPhase section */

/* Begin PBXVariantGroup section */
		F4CE4C931E27B1B70017D7B5 /* Main.storyboard */ = {
			isa = PBXVariantGroup;
			children = (
				F4CE4C941E27B1B70017D7B5 /* Base */,
			);
			name = Main.storyboard;
			sourceTree = "<group>";
		};
		F4CE4C981E27B1B70017D7B5 /* LaunchScreen.storyboard */ = {
			isa = PBXVariantGroup;
			children = (
				F4CE4C991E27B1B70017D7B5 /* Base */,
			);
			name = LaunchScreen.storyboard;
			sourceTree = "<group>";
		};
/* End PBXVariantGroup section */

/* Begin XCBuildConfiguration section */
		F4CE4C9C1E27B1B70017D7B5 /* Debug */ = {
			isa = XCBuildConfiguration;
			buildSettings = {
				ALWAYS_EMBED_SWIFT_STANDARD_LIBRARIES = YES;
				ALWAYS_SEARCH_USER_PATHS = NO;
				CLANG_ANALYZER_NONNULL = YES;
				CLANG_CXX_LANGUAGE_STANDARD = "gnu++0x";
				CLANG_CXX_LIBRARY = "libc++";
				CLANG_ENABLE_MODULES = YES;
				CLANG_ENABLE_OBJC_ARC = YES;
				CLANG_WARN_BOOL_CONVERSION = YES;
				CLANG_WARN_CONSTANT_CONVERSION = YES;
				CLANG_WARN_DIRECT_OBJC_ISA_USAGE = YES_ERROR;
				CLANG_WARN_DOCUMENTATION_COMMENTS = YES;
				CLANG_WARN_EMPTY_BODY = YES;
				CLANG_WARN_ENUM_CONVERSION = YES;
				CLANG_WARN_INFINITE_RECURSION = YES;
				CLANG_WARN_INT_CONVERSION = YES;
				CLANG_WARN_OBJC_ROOT_CLASS = YES_ERROR;
				CLANG_WARN_SUSPICIOUS_MOVE = YES;
				CLANG_WARN_UNREACHABLE_CODE = YES;
				CLANG_WARN__DUPLICATE_METHOD_MATCH = YES;
				"CODE_SIGN_IDENTITY[sdk=iphoneos*]" = "iPhone Developer";
				COPY_PHASE_STRIP = NO;
				DEBUG_INFORMATION_FORMAT = "dwarf-with-dsym";
				ENABLE_STRICT_OBJC_MSGSEND = YES;
				ENABLE_TESTABILITY = YES;
				GCC_C_LANGUAGE_STANDARD = gnu99;
				GCC_DYNAMIC_NO_PIC = NO;
				GCC_NO_COMMON_BLOCKS = YES;
				GCC_OPTIMIZATION_LEVEL = 0;
				GCC_PREPROCESSOR_DEFINITIONS = (
					"DEBUG=1",
					"$(inherited)",
				);
				GCC_WARN_64_TO_32_BIT_CONVERSION = YES;
				GCC_WARN_ABOUT_RETURN_TYPE = YES_ERROR;
				GCC_WARN_UNDECLARED_SELECTOR = YES;
				GCC_WARN_UNINITIALIZED_AUTOS = YES_AGGRESSIVE;
				GCC_WARN_UNUSED_FUNCTION = YES;
				GCC_WARN_UNUSED_VARIABLE = YES;
				IPHONEOS_DEPLOYMENT_TARGET = 10.2;
				MTL_ENABLE_DEBUG_INFO = YES;
				ONLY_ACTIVE_ARCH = YES;
				"OTHER_LDFLAGS[arch=*]" = "$(inherited)";
				SDKROOT = iphoneos;
				SWIFT_ACTIVE_COMPILATION_CONDITIONS = DEBUG;
				SWIFT_OPTIMIZATION_LEVEL = "-Onone";
				TARGETED_DEVICE_FAMILY = "1,2";
			};
			name = Debug;
		};
		F4CE4C9D1E27B1B70017D7B5 /* Release */ = {
			isa = XCBuildConfiguration;
			buildSettings = {
				ALWAYS_EMBED_SWIFT_STANDARD_LIBRARIES = YES;
				ALWAYS_SEARCH_USER_PATHS = NO;
				CLANG_ANALYZER_NONNULL = YES;
				CLANG_CXX_LANGUAGE_STANDARD = "gnu++0x";
				CLANG_CXX_LIBRARY = "libc++";
				CLANG_ENABLE_MODULES = YES;
				CLANG_ENABLE_OBJC_ARC = YES;
				CLANG_WARN_BOOL_CONVERSION = YES;
				CLANG_WARN_CONSTANT_CONVERSION = YES;
				CLANG_WARN_DIRECT_OBJC_ISA_USAGE = YES_ERROR;
				CLANG_WARN_DOCUMENTATION_COMMENTS = YES;
				CLANG_WARN_EMPTY_BODY = YES;
				CLANG_WARN_ENUM_CONVERSION = YES;
				CLANG_WARN_INFINITE_RECURSION = YES;
				CLANG_WARN_INT_CONVERSION = YES;
				CLANG_WARN_OBJC_ROOT_CLASS = YES_ERROR;
				CLANG_WARN_SUSPICIOUS_MOVE = YES;
				CLANG_WARN_UNREACHABLE_CODE = YES;
				CLANG_WARN__DUPLICATE_METHOD_MATCH = YES;
				"CODE_SIGN_IDENTITY[sdk=iphoneos*]" = "iPhone Developer";
				COPY_PHASE_STRIP = NO;
				DEBUG_INFORMATION_FORMAT = "dwarf-with-dsym";
				ENABLE_NS_ASSERTIONS = NO;
				ENABLE_STRICT_OBJC_MSGSEND = YES;
				GCC_C_LANGUAGE_STANDARD = gnu99;
				GCC_NO_COMMON_BLOCKS = YES;
				GCC_WARN_64_TO_32_BIT_CONVERSION = YES;
				GCC_WARN_ABOUT_RETURN_TYPE = YES_ERROR;
				GCC_WARN_UNDECLARED_SELECTOR = YES;
				GCC_WARN_UNINITIALIZED_AUTOS = YES_AGGRESSIVE;
				GCC_WARN_UNUSED_FUNCTION = YES;
				GCC_WARN_UNUSED_VARIABLE = YES;
				IPHONEOS_DEPLOYMENT_TARGET = 10.2;
				MTL_ENABLE_DEBUG_INFO = NO;
				"OTHER_LDFLAGS[arch=*]" = "$(inherited)";
				SDKROOT = iphoneos;
				SWIFT_OPTIMIZATION_LEVEL = "-Owholemodule";
				TARGETED_DEVICE_FAMILY = "1,2";
				VALIDATE_PRODUCT = YES;
			};
			name = Release;
		};
		F4CE4C9F1E27B1B70017D7B5 /* Debug */ = {
			isa = XCBuildConfiguration;
			baseConfigurationReference = EC5AD5F925CEAB29E575570A /* Pods-One Night Movie.debug.xcconfig */;
			buildSettings = {
				ALWAYS_EMBED_SWIFT_STANDARD_LIBRARIES = YES;
				ASSETCATALOG_COMPILER_APPICON_NAME = AppIcon;
				DEVELOPMENT_TEAM = H678JBA44N;
				INFOPLIST_FILE = "One Night Movie/Info.plist";
				LD_RUNPATH_SEARCH_PATHS = "$(inherited) @executable_path/Frameworks";
				PRODUCT_BUNDLE_IDENTIFIER = "SC.One-Night-Movie";
				PRODUCT_NAME = "$(TARGET_NAME)";
				SWIFT_VERSION = 3.0;
			};
			name = Debug;
		};
		F4CE4CA01E27B1B70017D7B5 /* Release */ = {
			isa = XCBuildConfiguration;
			baseConfigurationReference = 945C57F0AFB2030F8C700592 /* Pods-One Night Movie.release.xcconfig */;
			buildSettings = {
				ALWAYS_EMBED_SWIFT_STANDARD_LIBRARIES = YES;
				ASSETCATALOG_COMPILER_APPICON_NAME = AppIcon;
				DEVELOPMENT_TEAM = H678JBA44N;
				INFOPLIST_FILE = "One Night Movie/Info.plist";
				LD_RUNPATH_SEARCH_PATHS = "$(inherited) @executable_path/Frameworks";
				PRODUCT_BUNDLE_IDENTIFIER = "SC.One-Night-Movie";
				PRODUCT_NAME = "$(TARGET_NAME)";
				SWIFT_VERSION = 3.0;
			};
			name = Release;
		};
/* End XCBuildConfiguration section */

/* Begin XCConfigurationList section */
		F4CE4C871E27B1B70017D7B5 /* Build configuration list for PBXProject "One Night Movie" */ = {
			isa = XCConfigurationList;
			buildConfigurations = (
				F4CE4C9C1E27B1B70017D7B5 /* Debug */,
				F4CE4C9D1E27B1B70017D7B5 /* Release */,
			);
			defaultConfigurationIsVisible = 0;
			defaultConfigurationName = Release;
		};
		F4CE4C9E1E27B1B70017D7B5 /* Build configuration list for PBXNativeTarget "One Night Movie" */ = {
			isa = XCConfigurationList;
			buildConfigurations = (
				F4CE4C9F1E27B1B70017D7B5 /* Debug */,
				F4CE4CA01E27B1B70017D7B5 /* Release */,
			);
			defaultConfigurationIsVisible = 0;
			defaultConfigurationName = Release;
		};
/* End XCConfigurationList section */
	};
	rootObject = F4CE4C841E27B1B70017D7B5 /* Project object */;
}
